
Microsoft Visual Studio Solution File, Format Version 12.00
# Visual Studio Version 17
VisualStudioVersion = 17.8.34511.84
MinimumVisualStudioVersion = 10.0.40219.1
Project("{FAE04EC0-301F-11D3-BF4B-00C04F79EFBC}") = "eserciziow1d3p2", "eserciziow1d3p2.csproj", "{4E900206-F22B-4A8D-9BBF-53E3C37EC645}"
EndProject
Global
	GlobalSection(SolutionConfigurationPlatforms) = preSolution
		Debug|Any CPU = Debug|Any CPU
		Release|Any CPU = Release|Any CPU
	EndGlobalSection
	GlobalSection(ProjectConfigurationPlatforms) = postSolution
		{4E900206-F22B-4A8D-9BBF-53E3C37EC645}.Debug|Any CPU.ActiveCfg = Debug|Any CPU
		{4E900206-F22B-4A8D-9BBF-53E3C37EC645}.Debug|Any CPU.Build.0 = Debug|Any CPU
		{4E900206-F22B-4A8D-9BBF-53E3C37EC645}.Release|Any CPU.ActiveCfg = Release|Any CPU
		{4E900206-F22B-4A8D-9BBF-53E3C37EC645}.Release|Any CPU.Build.0 = Release|Any CPU
	EndGlobalSection
	GlobalSection(SolutionProperties) = preSolution
		HideSolutionNode = FALSE
	EndGlobalSection
	GlobalSection(ExtensibilityGlobals) = postSolution
		SolutionGuid = {CB04C3FB-BCF6-4431-94BD-2B35CD585DD5}
	EndGlobalSection
EndGlobal
